
Microsoft Visual Studio Solution File, Format Version 12.00
# Visual Studio Version 17
VisualStudioVersion = 17.5.33502.453
MinimumVisualStudioVersion = 10.0.40219.1
Project("{FAE04EC0-301F-11D3-BF4B-00C04F79EFBC}") = "DownloadFuelPricing", "DownloadFuelPricing.csproj", "{7EB9D620-B4D4-40E5-A08A-C22D2A004B53}"
EndProject
Global
	GlobalSection(SolutionConfigurationPlatforms) = preSolution
		Debug|Any CPU = Debug|Any CPU
		Release|Any CPU = Release|Any CPU
	EndGlobalSection
	GlobalSection(ProjectConfigurationPlatforms) = postSolution
		{7EB9D620-B4D4-40E5-A08A-C22D2A004B53}.Debug|Any CPU.ActiveCfg = Debug|Any CPU
		{7EB9D620-B4D4-40E5-A08A-C22D2A004B53}.Debug|Any CPU.Build.0 = Debug|Any CPU
		{7EB9D620-B4D4-40E5-A08A-C22D2A004B53}.Release|Any CPU.ActiveCfg = Release|Any CPU
		{7EB9D620-B4D4-40E5-A08A-C22D2A004B53}.Release|Any CPU.Build.0 = Release|Any CPU
	EndGlobalSection
	GlobalSection(SolutionProperties) = preSolution
		HideSolutionNode = FALSE
	EndGlobalSection
	GlobalSection(ExtensibilityGlobals) = postSolution
		SolutionGuid = {FDDD9A86-8E14-4EA1-83B2-2233A5CC0DC3}
	EndGlobalSection
EndGlobal
